
Microsoft Visual Studio Solution File, Format Version 12.00
# Visual Studio Version 17
VisualStudioVersion = 17.9.34622.214
MinimumVisualStudioVersion = 10.0.40219.1
Project("{FAE04EC0-301F-11D3-BF4B-00C04F79EFBC}") = "Shopping_Cart_Server", "Shopping_Cart_Server.csproj", "{7D5B2B72-259A-42B8-B824-8BE6C6494C2D}"
EndProject
Global
	GlobalSection(SolutionConfigurationPlatforms) = preSolution
		Debug|Any CPU = Debug|Any CPU
		Release|Any CPU = Release|Any CPU
	EndGlobalSection
	GlobalSection(ProjectConfigurationPlatforms) = postSolution
		{7D5B2B72-259A-42B8-B824-8BE6C6494C2D}.Debug|Any CPU.ActiveCfg = Debug|Any CPU
		{7D5B2B72-259A-42B8-B824-8BE6C6494C2D}.Debug|Any CPU.Build.0 = Debug|Any CPU
		{7D5B2B72-259A-42B8-B824-8BE6C6494C2D}.Release|Any CPU.ActiveCfg = Release|Any CPU
		{7D5B2B72-259A-42B8-B824-8BE6C6494C2D}.Release|Any CPU.Build.0 = Release|Any CPU
	EndGlobalSection
	GlobalSection(SolutionProperties) = preSolution
		HideSolutionNode = FALSE
	EndGlobalSection
	GlobalSection(ExtensibilityGlobals) = postSolution
		SolutionGuid = {10E5F460-D621-4F72-835A-2A574B3A05DF}
	EndGlobalSection
EndGlobal
